
Microsoft Visual Studio Solution File, Format Version 12.00
# Visual Studio Version 17
VisualStudioVersion = 17.5.33424.131
MinimumVisualStudioVersion = 10.0.40219.1
Project("{9A19103F-16F7-4668-BE54-9A1E7A4F7556}") = "DevFreela.API", "DevFreela.API\DevFreela.API.csproj", "{5CF354C7-A85C-4B78-BC8A-860C72B49F2F}"
EndProject
Project("{9A19103F-16F7-4668-BE54-9A1E7A4F7556}") = "DevFreela.Coree", "DevFreela.Coree\DevFreela.Coree.csproj", "{231E03A8-B975-4AA2-91DA-4CB8AA99D7C4}"
EndProject
Project("{9A19103F-16F7-4668-BE54-9A1E7A4F7556}") = "DevFreela.Infrastructure", "DevFreela.Infrastructure\DevFreela.Infrastructure.csproj", "{1DFC872C-7BC4-46B9-B5A6-7D249F1031B8}"
EndProject
Project("{9A19103F-16F7-4668-BE54-9A1E7A4F7556}") = "DevFreela.Application", "DevFreela.Application\DevFreela.Application.csproj", "{B756C32A-63CE-4553-9A55-D6D6473DEE0B}"
EndProject
Project("{FAE04EC0-301F-11D3-BF4B-00C04F79EFBC}") = "DevFreel.UnitTests", "DevFreel.UnitTests\DevFreel.UnitTests.csproj", "{D0B5690A-B425-4D98-8CDE-88D13EC21581}"
EndProject
Global
	GlobalSection(SolutionConfigurationPlatforms) = preSolution
		Debug|Any CPU = Debug|Any CPU
		Release|Any CPU = Release|Any CPU
	EndGlobalSection
	GlobalSection(ProjectConfigurationPlatforms) = postSolution
		{5CF354C7-A85C-4B78-BC8A-860C72B49F2F}.Debug|Any CPU.ActiveCfg = Debug|Any CPU
		{5CF354C7-A85C-4B78-BC8A-860C72B49F2F}.Debug|Any CPU.Build.0 = Debug|Any CPU
		{5CF354C7-A85C-4B78-BC8A-860C72B49F2F}.Release|Any CPU.ActiveCfg = Release|Any CPU
		{5CF354C7-A85C-4B78-BC8A-860C72B49F2F}.Release|Any CPU.Build.0 = Release|Any CPU
		{231E03A8-B975-4AA2-91DA-4CB8AA99D7C4}.Debug|Any CPU.ActiveCfg = Debug|Any CPU
		{231E03A8-B975-4AA2-91DA-4CB8AA99D7C4}.Debug|Any CPU.Build.0 = Debug|Any CPU
		{231E03A8-B975-4AA2-91DA-4CB8AA99D7C4}.Release|Any CPU.ActiveCfg = Release|Any CPU
		{231E03A8-B975-4AA2-91DA-4CB8AA99D7C4}.Release|Any CPU.Build.0 = Release|Any CPU
		{1DFC872C-7BC4-46B9-B5A6-7D249F1031B8}.Debug|Any CPU.ActiveCfg = Debug|Any CPU
		{1DFC872C-7BC4-46B9-B5A6-7D249F1031B8}.Debug|Any CPU.Build.0 = Debug|Any CPU
		{1DFC872C-7BC4-46B9-B5A6-7D249F1031B8}.Release|Any CPU.ActiveCfg = Release|Any CPU
		{1DFC872C-7BC4-46B9-B5A6-7D249F1031B8}.Release|Any CPU.Build.0 = Release|Any CPU
		{B756C32A-63CE-4553-9A55-D6D6473DEE0B}.Debug|Any CPU.ActiveCfg = Debug|Any CPU
		{B756C32A-63CE-4553-9A55-D6D6473DEE0B}.Debug|Any CPU.Build.0 = Debug|Any CPU
		{B756C32A-63CE-4553-9A55-D6D6473DEE0B}.Release|Any CPU.ActiveCfg = Release|Any CPU
		{B756C32A-63CE-4553-9A55-D6D6473DEE0B}.Release|Any CPU.Build.0 = Release|Any CPU
		{D0B5690A-B425-4D98-8CDE-88D13EC21581}.Debug|Any CPU.ActiveCfg = Debug|Any CPU
		{D0B5690A-B425-4D98-8CDE-88D13EC21581}.Debug|Any CPU.Build.0 = Debug|Any CPU
		{D0B5690A-B425-4D98-8CDE-88D13EC21581}.Release|Any CPU.ActiveCfg = Release|Any CPU
		{D0B5690A-B425-4D98-8CDE-88D13EC21581}.Release|Any CPU.Build.0 = Release|Any CPU
	EndGlobalSection
	GlobalSection(SolutionProperties) = preSolution
		HideSolutionNode = FALSE
	EndGlobalSection
	GlobalSection(ExtensibilityGlobals) = postSolution
		SolutionGuid = {CB2968A2-283F-4A6F-A89B-D81D74E6D897}
	EndGlobalSection
EndGlobal
